// !$*UTF8*$!
{
	archiveVersion = 1;
	classes = {
	};
	objectVersion = 77;
	objects = {

/* Begin PBXBuildFile section */
		82C9DFFCCAC54AC09D2739B7 /* Pods_MatchMate_Shaddi.framework in Frameworks */ = {isa = PBXBuildFile; fileRef = AC9E34C6A7C639044CBA69C3 /* Pods_MatchMate_Shaddi.framework */; };
		8DA8507784BED1E20A3D065C /* Pods_MatchMate_Shaddi_MatchMate_ShaddiUITests.framework in Frameworks */ = {isa = PBXBuildFile; fileRef = 18AFACC830C6C2C0A4C17A47 /* Pods_MatchMate_Shaddi_MatchMate_ShaddiUITests.framework */; };
		F5376C945C19E030CA4E3E42 /* Pods_MatchMate_ShaddiTests.framework in Frameworks */ = {isa = PBXBuildFile; fileRef = 2B1C4B489960B6556D8C7C50 /* Pods_MatchMate_ShaddiTests.framework */; };
/* End PBXBuildFile section */

/* Begin PBXContainerItemProxy section */
		EDDFB4AC2CFF1E1400BF5C5E /* PBXContainerItemProxy */ = {
			isa = PBXContainerItemProxy;
			containerPortal = EDDFB4932CFF1E1300BF5C5E /* Project object */;
			proxyType = 1;
			remoteGlobalIDString = EDDFB49A2CFF1E1300BF5C5E;
			remoteInfo = "MatchMate-Shaddi";
		};
		EDDFB4B62CFF1E1400BF5C5E /* PBXContainerItemProxy */ = {
			isa = PBXContainerItemProxy;
			containerPortal = EDDFB4932CFF1E1300BF5C5E /* Project object */;
			proxyType = 1;
			remoteGlobalIDString = EDDFB49A2CFF1E1300BF5C5E;
			remoteInfo = "MatchMate-Shaddi";
		};
/* End PBXContainerItemProxy section */

/* Begin PBXFileReference section */
		18AFACC830C6C2C0A4C17A47 /* Pods_MatchMate_Shaddi_MatchMate_ShaddiUITests.framework */ = {isa = PBXFileReference; explicitFileType = wrapper.framework; includeInIndex = 0; path = Pods_MatchMate_Shaddi_MatchMate_ShaddiUITests.framework; sourceTree = BUILT_PRODUCTS_DIR; };
		1E6D7506D627D0D04F49B574 /* Pods-MatchMate-Shaddi.debug.xcconfig */ = {isa = PBXFileReference; includeInIndex = 1; lastKnownFileType = text.xcconfig; name = "Pods-MatchMate-Shaddi.debug.xcconfig"; path = "Target Support Files/Pods-MatchMate-Shaddi/Pods-MatchMate-Shaddi.debug.xcconfig"; sourceTree = "<group>"; };
		2B1C4B489960B6556D8C7C50 /* Pods_MatchMate_ShaddiTests.framework */ = {isa = PBXFileReference; explicitFileType = wrapper.framework; includeInIndex = 0; path = Pods_MatchMate_ShaddiTests.framework; sourceTree = BUILT_PRODUCTS_DIR; };
		361F440AA1BDD22DDB6BBF5E /* Pods-MatchMate-ShaddiTests.debug.xcconfig */ = {isa = PBXFileReference; includeInIndex = 1; lastKnownFileType = text.xcconfig; name = "Pods-MatchMate-ShaddiTests.debug.xcconfig"; path = "Target Support Files/Pods-MatchMate-ShaddiTests/Pods-MatchMate-ShaddiTests.debug.xcconfig"; sourceTree = "<group>"; };
		4B5B1EAA34522B6249559334 /* Pods-MatchMate-Shaddi-MatchMate-ShaddiUITests.debug.xcconfig */ = {isa = PBXFileReference; includeInIndex = 1; lastKnownFileType = text.xcconfig; name = "Pods-MatchMate-Shaddi-MatchMate-ShaddiUITests.debug.xcconfig"; path = "Target Support Files/Pods-MatchMate-Shaddi-MatchMate-ShaddiUITests/Pods-MatchMate-Shaddi-MatchMate-ShaddiUITests.debug.xcconfig"; sourceTree = "<group>"; };
		9C6279B017F0BAA36C1927ED /* Pods-MatchMate-ShaddiTests.release.xcconfig */ = {isa = PBXFileReference; includeInIndex = 1; lastKnownFileType = text.xcconfig; name = "Pods-MatchMate-ShaddiTests.release.xcconfig"; path = "Target Support Files/Pods-MatchMate-ShaddiTests/Pods-MatchMate-ShaddiTests.release.xcconfig"; sourceTree = "<group>"; };
		AC9E34C6A7C639044CBA69C3 /* Pods_MatchMate_Shaddi.framework */ = {isa = PBXFileReference; explicitFileType = wrapper.framework; includeInIndex = 0; path = Pods_MatchMate_Shaddi.framework; sourceTree = BUILT_PRODUCTS_DIR; };
		D6988CB480DAA8DC43C71DEF /* Pods-MatchMate-Shaddi-MatchMate-ShaddiUITests.release.xcconfig */ = {isa = PBXFileReference; includeInIndex = 1; lastKnownFileType = text.xcconfig; name = "Pods-MatchMate-Shaddi-MatchMate-ShaddiUITests.release.xcconfig"; path = "Target Support Files/Pods-MatchMate-Shaddi-MatchMate-ShaddiUITests/Pods-MatchMate-Shaddi-MatchMate-ShaddiUITests.release.xcconfig"; sourceTree = "<group>"; };
		EDDFB49B2CFF1E1300BF5C5E /* MatchMate-Shaddi.app */ = {isa = PBXFileReference; explicitFileType = wrapper.application; includeInIndex = 0; path = "MatchMate-Shaddi.app"; sourceTree = BUILT_PRODUCTS_DIR; };
		EDDFB4AB2CFF1E1400BF5C5E /* MatchMate-ShaddiTests.xctest */ = {isa = PBXFileReference; explicitFileType = wrapper.cfbundle; includeInIndex = 0; path = "MatchMate-ShaddiTests.xctest"; sourceTree = BUILT_PRODUCTS_DIR; };
		EDDFB4B52CFF1E1400BF5C5E /* MatchMate-ShaddiUITests.xctest */ = {isa = PBXFileReference; explicitFileType = wrapper.cfbundle; includeInIndex = 0; path = "MatchMate-ShaddiUITests.xctest"; sourceTree = BUILT_PRODUCTS_DIR; };
		F1A0C8048CF7D78C1BA64820 /* Pods-MatchMate-Shaddi.release.xcconfig */ = {isa = PBXFileReference; includeInIndex = 1; lastKnownFileType = text.xcconfig; name = "Pods-MatchMate-Shaddi.release.xcconfig"; path = "Target Support Files/Pods-MatchMate-Shaddi/Pods-MatchMate-Shaddi.release.xcconfig"; sourceTree = "<group>"; };
/* End PBXFileReference section */

/* Begin PBXFileSystemSynchronizedRootGroup section */
		EDDFB49D2CFF1E1300BF5C5E /* MatchMate-Shaddi */ = {
			isa = PBXFileSystemSynchronizedRootGroup;
			exceptions = (
			);
			path = "MatchMate-Shaddi";
			sourceTree = "<group>";
		};
		EDDFB4AE2CFF1E1400BF5C5E /* MatchMate-ShaddiTests */ = {
			isa = PBXFileSystemSynchronizedRootGroup;
			exceptions = (
			);
			path = "MatchMate-ShaddiTests";
			sourceTree = "<group>";
		};
		EDDFB4B82CFF1E1400BF5C5E /* MatchMate-ShaddiUITests */ = {
			isa = PBXFileSystemSynchronizedRootGroup;
			exceptions = (
			);
			path = "MatchMate-ShaddiUITests";
			sourceTree = "<group>";
		};
/* End PBXFileSystemSynchronizedRootGroup section */

/* Begin PBXFrameworksBuildPhase section */
		EDDFB4982CFF1E1300BF5C5E /* Frameworks */ = {
			isa = PBXFrameworksBuildPhase;
			buildActionMask = 2147483647;
			files = (
				82C9DFFCCAC54AC09D2739B7 /* Pods_MatchMate_Shaddi.framework in Frameworks */,
			);
			runOnlyForDeploymentPostprocessing = 0;
		};
		EDDFB4A82CFF1E1400BF5C5E /* Frameworks */ = {
			isa = PBXFrameworksBuildPhase;
			buildActionMask = 2147483647;
			files = (
				F5376C945C19E030CA4E3E42 /* Pods_MatchMate_ShaddiTests.framework in Frameworks */,
			);
			runOnlyForDeploymentPostprocessing = 0;
		};
		EDDFB4B22CFF1E1400BF5C5E /* Frameworks */ = {
			isa = PBXFrameworksBuildPhase;
			buildActionMask = 2147483647;
			files = (
				8DA8507784BED1E20A3D065C /* Pods_MatchMate_Shaddi_MatchMate_ShaddiUITests.framework in Frameworks */,
			);
			runOnlyForDeploymentPostprocessing = 0;
		};
/* End PBXFrameworksBuildPhase section */

/* Begin PBXGroup section */
		483C25644EF14311DFF04C4E /* Pods */ = {
			isa = PBXGroup;
			children = (
				1E6D7506D627D0D04F49B574 /* Pods-MatchMate-Shaddi.debug.xcconfig */,
				F1A0C8048CF7D78C1BA64820 /* Pods-MatchMate-Shaddi.release.xcconfig */,
				4B5B1EAA34522B6249559334 /* Pods-MatchMate-Shaddi-MatchMate-ShaddiUITests.debug.xcconfig */,
				D6988CB480DAA8DC43C71DEF /* Pods-MatchMate-Shaddi-MatchMate-ShaddiUITests.release.xcconfig */,
				361F440AA1BDD22DDB6BBF5E /* Pods-MatchMate-ShaddiTests.debug.xcconfig */,
				9C6279B017F0BAA36C1927ED /* Pods-MatchMate-ShaddiTests.release.xcconfig */,
			);
			name = Pods;
			path = Pods;
			sourceTree = "<group>";
		};
		DB7D6DDB9B289326C9E01742 /* Frameworks */ = {
			isa = PBXGroup;
			children = (
				AC9E34C6A7C639044CBA69C3 /* Pods_MatchMate_Shaddi.framework */,
				18AFACC830C6C2C0A4C17A47 /* Pods_MatchMate_Shaddi_MatchMate_ShaddiUITests.framework */,
				2B1C4B489960B6556D8C7C50 /* Pods_MatchMate_ShaddiTests.framework */,
			);
			name = Frameworks;
			sourceTree = "<group>";
		};
		EDDFB4922CFF1E1300BF5C5E = {
			isa = PBXGroup;
			children = (
				EDDFB49D2CFF1E1300BF5C5E /* MatchMate-Shaddi */,
				EDDFB4AE2CFF1E1400BF5C5E /* MatchMate-ShaddiTests */,
				EDDFB4B82CFF1E1400BF5C5E /* MatchMate-ShaddiUITests */,
				EDDFB49C2CFF1E1300BF5C5E /* Products */,
				483C25644EF14311DFF04C4E /* Pods */,
				DB7D6DDB9B289326C9E01742 /* Frameworks */,
			);
			sourceTree = "<group>";
		};
		EDDFB49C2CFF1E1300BF5C5E /* Products */ = {
			isa = PBXGroup;
			children = (
				EDDFB49B2CFF1E1300BF5C5E /* MatchMate-Shaddi.app */,
				EDDFB4AB2CFF1E1400BF5C5E /* MatchMate-ShaddiTests.xctest */,
				EDDFB4B52CFF1E1400BF5C5E /* MatchMate-ShaddiUITests.xctest */,
			);
			name = Products;
			sourceTree = "<group>";
		};
/* End PBXGroup section */

/* Begin PBXNativeTarget section */
		EDDFB49A2CFF1E1300BF5C5E /* MatchMate-Shaddi */ = {
			isa = PBXNativeTarget;
			buildConfigurationList = EDDFB4BF2CFF1E1400BF5C5E /* Build configuration list for PBXNativeTarget "MatchMate-Shaddi" */;
			buildPhases = (
				AD4131691258C81C214B0865 /* [CP] Check Pods Manifest.lock */,
				EDDFB4972CFF1E1300BF5C5E /* Sources */,
				EDDFB4982CFF1E1300BF5C5E /* Frameworks */,
				EDDFB4992CFF1E1300BF5C5E /* Resources */,
				D868D449B11E8738359B78BE /* [CP] Embed Pods Frameworks */,
			);
			buildRules = (
			);
			dependencies = (
			);
			fileSystemSynchronizedGroups = (
				EDDFB49D2CFF1E1300BF5C5E /* MatchMate-Shaddi */,
			);
			name = "MatchMate-Shaddi";
			productName = "MatchMate-Shaddi";
			productReference = EDDFB49B2CFF1E1300BF5C5E /* MatchMate-Shaddi.app */;
			productType = "com.apple.product-type.application";
		};
		EDDFB4AA2CFF1E1400BF5C5E /* MatchMate-ShaddiTests */ = {
			isa = PBXNativeTarget;
			buildConfigurationList = EDDFB4C22CFF1E1400BF5C5E /* Build configuration list for PBXNativeTarget "MatchMate-ShaddiTests" */;
			buildPhases = (
				C144A9BE00F6AD3393BC59CD /* [CP] Check Pods Manifest.lock */,
				EDDFB4A72CFF1E1400BF5C5E /* Sources */,
				EDDFB4A82CFF1E1400BF5C5E /* Frameworks */,
				EDDFB4A92CFF1E1400BF5C5E /* Resources */,
			);
			buildRules = (
			);
			dependencies = (
				EDDFB4AD2CFF1E1400BF5C5E /* PBXTargetDependency */,
			);
			fileSystemSynchronizedGroups = (
				EDDFB4AE2CFF1E1400BF5C5E /* MatchMate-ShaddiTests */,
			);
			name = "MatchMate-ShaddiTests";
			productName = "MatchMate-ShaddiTests";
			productReference = EDDFB4AB2CFF1E1400BF5C5E /* MatchMate-ShaddiTests.xctest */;
			productType = "com.apple.product-type.bundle.unit-test";
		};
		EDDFB4B42CFF1E1400BF5C5E /* MatchMate-ShaddiUITests */ = {
			isa = PBXNativeTarget;
			buildConfigurationList = EDDFB4C52CFF1E1400BF5C5E /* Build configuration list for PBXNativeTarget "MatchMate-ShaddiUITests" */;
			buildPhases = (
				B119B35D916C3F33C41E56BA /* [CP] Check Pods Manifest.lock */,
				EDDFB4B12CFF1E1400BF5C5E /* Sources */,
				EDDFB4B22CFF1E1400BF5C5E /* Frameworks */,
				EDDFB4B32CFF1E1400BF5C5E /* Resources */,
				E8A2D3D14384619EFE22A238 /* [CP] Embed Pods Frameworks */,
			);
			buildRules = (
			);
			dependencies = (
				EDDFB4B72CFF1E1400BF5C5E /* PBXTargetDependency */,
			);
			fileSystemSynchronizedGroups = (
				EDDFB4B82CFF1E1400BF5C5E /* MatchMate-ShaddiUITests */,
			);
			name = "MatchMate-ShaddiUITests";
			productName = "MatchMate-ShaddiUITests";
			productReference = EDDFB4B52CFF1E1400BF5C5E /* MatchMate-ShaddiUITests.xctest */;
			productType = "com.apple.product-type.bundle.ui-testing";
		};
/* End PBXNativeTarget section */

/* Begin PBXProject section */
		EDDFB4932CFF1E1300BF5C5E /* Project object */ = {
			isa = PBXProject;
			attributes = {
				BuildIndependentTargetsInParallel = 1;
				LastSwiftUpdateCheck = 1610;
				LastUpgradeCheck = 1610;
				TargetAttributes = {
					EDDFB49A2CFF1E1300BF5C5E = {
						CreatedOnToolsVersion = 16.1;
					};
					EDDFB4AA2CFF1E1400BF5C5E = {
						CreatedOnToolsVersion = 16.1;
						TestTargetID = EDDFB49A2CFF1E1300BF5C5E;
					};
					EDDFB4B42CFF1E1400BF5C5E = {
						CreatedOnToolsVersion = 16.1;
						TestTargetID = EDDFB49A2CFF1E1300BF5C5E;
					};
				};
			};
			buildConfigurationList = EDDFB4962CFF1E1300BF5C5E /* Build configuration list for PBXProject "MatchMate-Shaddi" */;
			developmentRegion = en;
			hasScannedForEncodings = 0;
			knownRegions = (
				en,
				Base,
			);
			mainGroup = EDDFB4922CFF1E1300BF5C5E;
			minimizedProjectReferenceProxies = 1;
			preferredProjectObjectVersion = 77;
			productRefGroup = EDDFB49C2CFF1E1300BF5C5E /* Products */;
			projectDirPath = "";
			projectRoot = "";
			targets = (
				EDDFB49A2CFF1E1300BF5C5E /* MatchMate-Shaddi */,
				EDDFB4AA2CFF1E1400BF5C5E /* MatchMate-ShaddiTests */,
				EDDFB4B42CFF1E1400BF5C5E /* MatchMate-ShaddiUITests */,
			);
		};
/* End PBXProject section */

/* Begin PBXResourcesBuildPhase section */
		EDDFB4992CFF1E1300BF5C5E /* Resources */ = {
			isa = PBXResourcesBuildPhase;
			buildActionMask = 2147483647;
			files = (
			);
			runOnlyForDeploymentPostprocessing = 0;
		};
		EDDFB4A92CFF1E1400BF5C5E /* Resources */ = {
			isa = PBXResourcesBuildPhase;
			buildActionMask = 2147483647;
			files = (
			);
			runOnlyForDeploymentPostprocessing = 0;
		};
		EDDFB4B32CFF1E1400BF5C5E /* Resources */ = {
			isa = PBXResourcesBuildPhase;
			buildActionMask = 2147483647;
			files = (
			);
			runOnlyForDeploymentPostprocessing = 0;
		};
/* End PBXResourcesBuildPhase section */

/* Begin PBXShellScriptBuildPhase section */
		AD4131691258C81C214B0865 /* [CP] Check Pods Manifest.lock */ = {
			isa = PBXShellScriptBuildPhase;
			buildActionMask = 2147483647;
			files = (
			);
			inputFileListPaths = (
			);
			inputPaths = (
				"${PODS_PODFILE_DIR_PATH}/Podfile.lock",
				"${PODS_ROOT}/Manifest.lock",
			);
			name = "[CP] Check Pods Manifest.lock";
			outputFileListPaths = (
			);
			outputPaths = (
				"$(DERIVED_FILE_DIR)/Pods-MatchMate-Shaddi-checkManifestLockResult.txt",
			);
			runOnlyForDeploymentPostprocessing = 0;
			shellPath = /bin/sh;
			shellScript = "diff \"${PODS_PODFILE_DIR_PATH}/Podfile.lock\" \"${PODS_ROOT}/Manifest.lock\" > /dev/null\nif [ $? != 0 ] ; then\n    # print error to STDERR\n    echo \"error: The sandbox is not in sync with the Podfile.lock. Run 'pod install' or update your CocoaPods installation.\" >&2\n    exit 1\nfi\n# This output is used by Xcode 'outputs' to avoid re-running this script phase.\necho \"SUCCESS\" > \"${SCRIPT_OUTPUT_FILE_0}\"\n";
			showEnvVarsInLog = 0;
		};
		B119B35D916C3F33C41E56BA /* [CP] Check Pods Manifest.lock */ = {
			isa = PBXShellScriptBuildPhase;
			buildActionMask = 2147483647;
			files = (
			);
			inputFileListPaths = (
			);
			inputPaths = (
				"${PODS_PODFILE_DIR_PATH}/Podfile.lock",
				"${PODS_ROOT}/Manifest.lock",
			);
			name = "[CP] Check Pods Manifest.lock";
			outputFileListPaths = (
			);
			outputPaths = (
				"$(DERIVED_FILE_DIR)/Pods-MatchMate-Shaddi-MatchMate-ShaddiUITests-checkManifestLockResult.txt",
			);
			runOnlyForDeploymentPostprocessing = 0;
			shellPath = /bin/sh;
			shellScript = "diff \"${PODS_PODFILE_DIR_PATH}/Podfile.lock\" \"${PODS_ROOT}/Manifest.lock\" > /dev/null\nif [ $? != 0 ] ; then\n    # print error to STDERR\n    echo \"error: The sandbox is not in sync with the Podfile.lock. Run 'pod install' or update your CocoaPods installation.\" >&2\n    exit 1\nfi\n# This output is used by Xcode 'outputs' to avoid re-running this script phase.\necho \"SUCCESS\" > \"${SCRIPT_OUTPUT_FILE_0}\"\n";
			showEnvVarsInLog = 0;
		};
		C144A9BE00F6AD3393BC59CD /* [CP] Check Pods Manifest.lock */ = {
			isa = PBXShellScriptBuildPhase;
			buildActionMask = 2147483647;
			files = (
			);
			inputFileListPaths = (
			);
			inputPaths = (
				"${PODS_PODFILE_DIR_PATH}/Podfile.lock",
				"${PODS_ROOT}/Manifest.lock",
			);
			name = "[CP] Check Pods Manifest.lock";
			outputFileListPaths = (
			);
			outputPaths = (
				"$(DERIVED_FILE_DIR)/Pods-MatchMate-ShaddiTests-checkManifestLockResult.txt",
			);
			runOnlyForDeploymentPostprocessing = 0;
			shellPath = /bin/sh;
			shellScript = "diff \"${PODS_PODFILE_DIR_PATH}/Podfile.lock\" \"${PODS_ROOT}/Manifest.lock\" > /dev/null\nif [ $? != 0 ] ; then\n    # print error to STDERR\n    echo \"error: The sandbox is not in sync with the Podfile.lock. Run 'pod install' or update your CocoaPods installation.\" >&2\n    exit 1\nfi\n# This output is used by Xcode 'outputs' to avoid re-running this script phase.\necho \"SUCCESS\" > \"${SCRIPT_OUTPUT_FILE_0}\"\n";
			showEnvVarsInLog = 0;
		};
		D868D449B11E8738359B78BE /* [CP] Embed Pods Frameworks */ = {
			isa = PBXShellScriptBuildPhase;
			buildActionMask = 2147483647;
			files = (
			);
			inputFileListPaths = (
				"${PODS_ROOT}/Target Support Files/Pods-MatchMate-Shaddi/Pods-MatchMate-Shaddi-frameworks-${CONFIGURATION}-input-files.xcfilelist",
			);
			name = "[CP] Embed Pods Frameworks";
			outputFileListPaths = (
				"${PODS_ROOT}/Target Support Files/Pods-MatchMate-Shaddi/Pods-MatchMate-Shaddi-frameworks-${CONFIGURATION}-output-files.xcfilelist",
			);
			runOnlyForDeploymentPostprocessing = 0;
			shellPath = /bin/sh;
			shellScript = "\"${PODS_ROOT}/Target Support Files/Pods-MatchMate-Shaddi/Pods-MatchMate-Shaddi-frameworks.sh\"\n";
			showEnvVarsInLog = 0;
		};
		E8A2D3D14384619EFE22A238 /* [CP] Embed Pods Frameworks */ = {
			isa = PBXShellScriptBuildPhase;
			buildActionMask = 2147483647;
			files = (
			);
			inputFileListPaths = (
				"${PODS_ROOT}/Target Support Files/Pods-MatchMate-Shaddi-MatchMate-ShaddiUITests/Pods-MatchMate-Shaddi-MatchMate-ShaddiUITests-frameworks-${CONFIGURATION}-input-files.xcfilelist",
			);
			name = "[CP] Embed Pods Frameworks";
			outputFileListPaths = (
				"${PODS_ROOT}/Target Support Files/Pods-MatchMate-Shaddi-MatchMate-ShaddiUITests/Pods-MatchMate-Shaddi-MatchMate-ShaddiUITests-frameworks-${CONFIGURATION}-output-files.xcfilelist",
			);
			runOnlyForDeploymentPostprocessing = 0;
			shellPath = /bin/sh;
			shellScript = "\"${PODS_ROOT}/Target Support Files/Pods-MatchMate-Shaddi-MatchMate-ShaddiUITests/Pods-MatchMate-Shaddi-MatchMate-ShaddiUITests-frameworks.sh\"\n";
			showEnvVarsInLog = 0;
		};
/* End PBXShellScriptBuildPhase section */

/* Begin PBXSourcesBuildPhase section */
		EDDFB4972CFF1E1300BF5C5E /* Sources */ = {
			isa = PBXSourcesBuildPhase;
			buildActionMask = 2147483647;
			files = (
			);
			runOnlyForDeploymentPostprocessing = 0;
		};
		EDDFB4A72CFF1E1400BF5C5E /* Sources */ = {
			isa = PBXSourcesBuildPhase;
			buildActionMask = 2147483647;
			files = (
			);
			runOnlyForDeploymentPostprocessing = 0;
		};
		EDDFB4B12CFF1E1400BF5C5E /* Sources */ = {
			isa = PBXSourcesBuildPhase;
			buildActionMask = 2147483647;
			files = (
			);
			runOnlyForDeploymentPostprocessing = 0;
		};
/* End PBXSourcesBuildPhase section */

/* Begin PBXTargetDependency section */
		EDDFB4AD2CFF1E1400BF5C5E /* PBXTargetDependency */ = {
			isa = PBXTargetDependency;
			target = EDDFB49A2CFF1E1300BF5C5E /* MatchMate-Shaddi */;
			targetProxy = EDDFB4AC2CFF1E1400BF5C5E /* PBXContainerItemProxy */;
		};
		EDDFB4B72CFF1E1400BF5C5E /* PBXTargetDependency */ = {
			isa = PBXTargetDependency;
			target = EDDFB49A2CFF1E1300BF5C5E /* MatchMate-Shaddi */;
			targetProxy = EDDFB4B62CFF1E1400BF5C5E /* PBXContainerItemProxy */;
		};
/* End PBXTargetDependency section */

/* Begin XCBuildConfiguration section */
		EDDFB4BD2CFF1E1400BF5C5E /* Debug */ = {
			isa = XCBuildConfiguration;
			buildSettings = {
				ALWAYS_SEARCH_USER_PATHS = NO;
				ASSETCATALOG_COMPILER_GENERATE_SWIFT_ASSET_SYMBOL_EXTENSIONS = YES;
				CLANG_ANALYZER_NONNULL = YES;
				CLANG_ANALYZER_NUMBER_OBJECT_CONVERSION = YES_AGGRESSIVE;
				CLANG_CXX_LANGUAGE_STANDARD = "gnu++20";
				CLANG_ENABLE_MODULES = YES;
				CLANG_ENABLE_OBJC_ARC = YES;
				CLANG_ENABLE_OBJC_WEAK = YES;
				CLANG_WARN_BLOCK_CAPTURE_AUTORELEASING = YES;
				CLANG_WARN_BOOL_CONVERSION = YES;
				CLANG_WARN_COMMA = YES;
				CLANG_WARN_CONSTANT_CONVERSION = YES;
				CLANG_WARN_DEPRECATED_OBJC_IMPLEMENTATIONS = YES;
				CLANG_WARN_DIRECT_OBJC_ISA_USAGE = YES_ERROR;
				CLANG_WARN_DOCUMENTATION_COMMENTS = YES;
				CLANG_WARN_EMPTY_BODY = YES;
				CLANG_WARN_ENUM_CONVERSION = YES;
				CLANG_WARN_INFINITE_RECURSION = YES;
				CLANG_WARN_INT_CONVERSION = YES;
				CLANG_WARN_NON_LITERAL_NULL_CONVERSION = YES;
				CLANG_WARN_OBJC_IMPLICIT_RETAIN_SELF = YES;
				CLANG_WARN_OBJC_LITERAL_CONVERSION = YES;
				CLANG_WARN_OBJC_ROOT_CLASS = YES_ERROR;
				CLANG_WARN_QUOTED_INCLUDE_IN_FRAMEWORK_HEADER = YES;
				CLANG_WARN_RANGE_LOOP_ANALYSIS = YES;
				CLANG_WARN_STRICT_PROTOTYPES = YES;
				CLANG_WARN_SUSPICIOUS_MOVE = YES;
				CLANG_WARN_UNGUARDED_AVAILABILITY = YES_AGGRESSIVE;
				CLANG_WARN_UNREACHABLE_CODE = YES;
				CLANG_WARN__DUPLICATE_METHOD_MATCH = YES;
				COPY_PHASE_STRIP = NO;
				DEBUG_INFORMATION_FORMAT = dwarf;
				ENABLE_STRICT_OBJC_MSGSEND = YES;
				ENABLE_TESTABILITY = YES;
				ENABLE_USER_SCRIPT_SANDBOXING = YES;
				GCC_C_LANGUAGE_STANDARD = gnu17;
				GCC_DYNAMIC_NO_PIC = NO;
				GCC_NO_COMMON_BLOCKS = YES;
				GCC_OPTIMIZATION_LEVEL = 0;
				GCC_PREPROCESSOR_DEFINITIONS = (
					"DEBUG=1",
					"$(inherited)",
				);
				GCC_WARN_64_TO_32_BIT_CONVERSION = YES;
				GCC_WARN_ABOUT_RETURN_TYPE = YES_ERROR;
				GCC_WARN_UNDECLARED_SELECTOR = YES;
				GCC_WARN_UNINITIALIZED_AUTOS = YES_AGGRESSIVE;
				GCC_WARN_UNUSED_FUNCTION = YES;
				GCC_WARN_UNUSED_VARIABLE = YES;
				IPHONEOS_DEPLOYMENT_TARGET = 18.1;
				LOCALIZATION_PREFERS_STRING_CATALOGS = YES;
				MTL_ENABLE_DEBUG_INFO = INCLUDE_SOURCE;
				MTL_FAST_MATH = YES;
				ONLY_ACTIVE_ARCH = YES;
				SDKROOT = iphoneos;
				SWIFT_ACTIVE_COMPILATION_CONDITIONS = "DEBUG $(inherited)";
				SWIFT_OPTIMIZATION_LEVEL = "-Onone";
			};
			name = Debug;
		};
		EDDFB4BE2CFF1E1400BF5C5E /* Release */ = {
			isa = XCBuildConfiguration;
			buildSettings = {
				ALWAYS_SEARCH_USER_PATHS = NO;
				ASSETCATALOG_COMPILER_GENERATE_SWIFT_ASSET_SYMBOL_EXTENSIONS = YES;
				CLANG_ANALYZER_NONNULL = YES;
				CLANG_ANALYZER_NUMBER_OBJECT_CONVERSION = YES_AGGRESSIVE;
				CLANG_CXX_LANGUAGE_STANDARD = "gnu++20";
				CLANG_ENABLE_MODULES = YES;
				CLANG_ENABLE_OBJC_ARC = YES;
				CLANG_ENABLE_OBJC_WEAK = YES;
				CLANG_WARN_BLOCK_CAPTURE_AUTORELEASING = YES;
				CLANG_WARN_BOOL_CONVERSION = YES;
				CLANG_WARN_COMMA = YES;
				CLANG_WARN_CONSTANT_CONVERSION = YES;
				CLANG_WARN_DEPRECATED_OBJC_IMPLEMENTATIONS = YES;
				CLANG_WARN_DIRECT_OBJC_ISA_USAGE = YES_ERROR;
				CLANG_WARN_DOCUMENTATION_COMMENTS = YES;
				CLANG_WARN_EMPTY_BODY = YES;
				CLANG_WARN_ENUM_CONVERSION = YES;
				CLANG_WARN_INFINITE_RECURSION = YES;
				CLANG_WARN_INT_CONVERSION = YES;
				CLANG_WARN_NON_LITERAL_NULL_CONVERSION = YES;
				CLANG_WARN_OBJC_IMPLICIT_RETAIN_SELF = YES;
				CLANG_WARN_OBJC_LITERAL_CONVERSION = YES;
				CLANG_WARN_OBJC_ROOT_CLASS = YES_ERROR;
				CLANG_WARN_QUOTED_INCLUDE_IN_FRAMEWORK_HEADER = YES;
				CLANG_WARN_RANGE_LOOP_ANALYSIS = YES;
				CLANG_WARN_STRICT_PROTOTYPES = YES;
				CLANG_WARN_SUSPICIOUS_MOVE = YES;
				CLANG_WARN_UNGUARDED_AVAILABILITY = YES_AGGRESSIVE;
				CLANG_WARN_UNREACHABLE_CODE = YES;
				CLANG_WARN__DUPLICATE_METHOD_MATCH = YES;
				COPY_PHASE_STRIP = NO;
				DEBUG_INFORMATION_FORMAT = "dwarf-with-dsym";
				ENABLE_NS_ASSERTIONS = NO;
				ENABLE_STRICT_OBJC_MSGSEND = YES;
				ENABLE_USER_SCRIPT_SANDBOXING = YES;
				GCC_C_LANGUAGE_STANDARD = gnu17;
				GCC_NO_COMMON_BLOCKS = YES;
				GCC_WARN_64_TO_32_BIT_CONVERSION = YES;
				GCC_WARN_ABOUT_RETURN_TYPE = YES_ERROR;
				GCC_WARN_UNDECLARED_SELECTOR = YES;
				GCC_WARN_UNINITIALIZED_AUTOS = YES_AGGRESSIVE;
				GCC_WARN_UNUSED_FUNCTION = YES;
				GCC_WARN_UNUSED_VARIABLE = YES;
				IPHONEOS_DEPLOYMENT_TARGET = 18.1;
				LOCALIZATION_PREFERS_STRING_CATALOGS = YES;
				MTL_ENABLE_DEBUG_INFO = NO;
				MTL_FAST_MATH = YES;
				SDKROOT = iphoneos;
				SWIFT_COMPILATION_MODE = wholemodule;
				VALIDATE_PRODUCT = YES;
			};
			name = Release;
		};
		EDDFB4C02CFF1E1400BF5C5E /* Debug */ = {
			isa = XCBuildConfiguration;
			baseConfigurationReference = 1E6D7506D627D0D04F49B574 /* Pods-MatchMate-Shaddi.debug.xcconfig */;
			buildSettings = {
				ASSETCATALOG_COMPILER_APPICON_NAME = AppIcon;
				ASSETCATALOG_COMPILER_GLOBAL_ACCENT_COLOR_NAME = AccentColor;
				CODE_SIGN_STYLE = Automatic;
				CURRENT_PROJECT_VERSION = 1;
				DEVELOPMENT_ASSET_PATHS = "\"MatchMate-Shaddi/Preview Content\"";
				DEVELOPMENT_TEAM = JZJ2V26ZWS;
				ENABLE_PREVIEWS = YES;
				GENERATE_INFOPLIST_FILE = YES;
				INFOPLIST_KEY_UIApplicationSceneManifest_Generation = YES;
				INFOPLIST_KEY_UIApplicationSupportsIndirectInputEvents = YES;
				INFOPLIST_KEY_UILaunchScreen_Generation = YES;
				INFOPLIST_KEY_UISupportedInterfaceOrientations_iPad = "UIInterfaceOrientationPortrait UIInterfaceOrientationPortraitUpsideDown UIInterfaceOrientationLandscapeLeft UIInterfaceOrientationLandscapeRight";
				INFOPLIST_KEY_UISupportedInterfaceOrientations_iPhone = "UIInterfaceOrientationPortrait UIInterfaceOrientationLandscapeLeft UIInterfaceOrientationLandscapeRight";
				LD_RUNPATH_SEARCH_PATHS = (
					"$(inherited)",
					"@executable_path/Frameworks",
				);
				MARKETING_VERSION = 1.0;
				PRODUCT_BUNDLE_IDENTIFIER = "gurpreetProjects.MatchMate-Shaddi";
				PRODUCT_NAME = "$(TARGET_NAME)";
				SWIFT_EMIT_LOC_STRINGS = YES;
				SWIFT_VERSION = 5.0;
				TARGETED_DEVICE_FAMILY = "1,2";
			};
			name = Debug;
		};
		EDDFB4C12CFF1E1400BF5C5E /* Release */ = {
			isa = XCBuildConfiguration;
			baseConfigurationReference = F1A0C8048CF7D78C1BA64820 /* Pods-MatchMate-Shaddi.release.xcconfig */;
			buildSettings = {
				ASSETCATALOG_COMPILER_APPICON_NAME = AppIcon;
				ASSETCATALOG_COMPILER_GLOBAL_ACCENT_COLOR_NAME = AccentColor;
				CODE_SIGN_STYLE = Automatic;
				CURRENT_PROJECT_VERSION = 1;
				DEVELOPMENT_ASSET_PATHS = "\"MatchMate-Shaddi/Preview Content\"";
				DEVELOPMENT_TEAM = JZJ2V26ZWS;
				ENABLE_PREVIEWS = YES;
				GENERATE_INFOPLIST_FILE = YES;
				INFOPLIST_KEY_UIApplicationSceneManifest_Generation = YES;
				INFOPLIST_KEY_UIApplicationSupportsIndirectInputEvents = YES;
				INFOPLIST_KEY_UILaunchScreen_Generation = YES;
				INFOPLIST_KEY_UISupportedInterfaceOrientations_iPad = "UIInterfaceOrientationPortrait UIInterfaceOrientationPortraitUpsideDown UIInterfaceOrientationLandscapeLeft UIInterfaceOrientationLandscapeRight";
				INFOPLIST_KEY_UISupportedInterfaceOrientations_iPhone = "UIInterfaceOrientationPortrait UIInterfaceOrientationLandscapeLeft UIInterfaceOrientationLandscapeRight";
				LD_RUNPATH_SEARCH_PATHS = (
					"$(inherited)",
					"@executable_path/Frameworks",
				);
				MARKETING_VERSION = 1.0;
				PRODUCT_BUNDLE_IDENTIFIER = "gurpreetProjects.MatchMate-Shaddi";
				PRODUCT_NAME = "$(TARGET_NAME)";
				SWIFT_EMIT_LOC_STRINGS = YES;
				SWIFT_VERSION = 5.0;
				TARGETED_DEVICE_FAMILY = "1,2";
			};
			name = Release;
		};
		EDDFB4C32CFF1E1400BF5C5E /* Debug */ = {
			isa = XCBuildConfiguration;
			baseConfigurationReference = 361F440AA1BDD22DDB6BBF5E /* Pods-MatchMate-ShaddiTests.debug.xcconfig */;
			buildSettings = {
				BUNDLE_LOADER = "$(TEST_HOST)";
				CODE_SIGN_STYLE = Automatic;
				CURRENT_PROJECT_VERSION = 1;
				DEVELOPMENT_TEAM = JZJ2V26ZWS;
				GENERATE_INFOPLIST_FILE = YES;
				IPHONEOS_DEPLOYMENT_TARGET = 18.1;
				MARKETING_VERSION = 1.0;
				PRODUCT_BUNDLE_IDENTIFIER = "gurpreetProjects.MatchMate-ShaddiTests";
				PRODUCT_NAME = "$(TARGET_NAME)";
				SWIFT_EMIT_LOC_STRINGS = NO;
				SWIFT_VERSION = 5.0;
				TARGETED_DEVICE_FAMILY = "1,2";
				TEST_HOST = "$(BUILT_PRODUCTS_DIR)/MatchMate-Shaddi.app/$(BUNDLE_EXECUTABLE_FOLDER_PATH)/MatchMate-Shaddi";
			};
			name = Debug;
		};
		EDDFB4C42CFF1E1400BF5C5E /* Release */ = {
			isa = XCBuildConfiguration;
			baseConfigurationReference = 9C6279B017F0BAA36C1927ED /* Pods-MatchMate-ShaddiTests.release.xcconfig */;
			buildSettings = {
				BUNDLE_LOADER = "$(TEST_HOST)";
				CODE_SIGN_STYLE = Automatic;
				CURRENT_PROJECT_VERSION = 1;
				DEVELOPMENT_TEAM = JZJ2V26ZWS;
				GENERATE_INFOPLIST_FILE = YES;
				IPHONEOS_DEPLOYMENT_TARGET = 18.1;
				MARKETING_VERSION = 1.0;
				PRODUCT_BUNDLE_IDENTIFIER = "gurpreetProjects.MatchMate-ShaddiTests";
				PRODUCT_NAME = "$(TARGET_NAME)";
				SWIFT_EMIT_LOC_STRINGS = NO;
				SWIFT_VERSION = 5.0;
				TARGETED_DEVICE_FAMILY = "1,2";
				TEST_HOST = "$(BUILT_PRODUCTS_DIR)/MatchMate-Shaddi.app/$(BUNDLE_EXECUTABLE_FOLDER_PATH)/MatchMate-Shaddi";
			};
			name = Release;
		};
		EDDFB4C62CFF1E1400BF5C5E /* Debug */ = {
			isa = XCBuildConfiguration;
			baseConfigurationReference = 4B5B1EAA34522B6249559334 /* Pods-MatchMate-Shaddi-MatchMate-ShaddiUITests.debug.xcconfig */;
			buildSettings = {
				CODE_SIGN_STYLE = Automatic;
				CURRENT_PROJECT_VERSION = 1;
				DEVELOPMENT_TEAM = JZJ2V26ZWS;
				GENERATE_INFOPLIST_FILE = YES;
				MARKETING_VERSION = 1.0;
				PRODUCT_BUNDLE_IDENTIFIER = "gurpreetProjects.MatchMate-ShaddiUITests";
				PRODUCT_NAME = "$(TARGET_NAME)";
				SWIFT_EMIT_LOC_STRINGS = NO;
				SWIFT_VERSION = 5.0;
				TARGETED_DEVICE_FAMILY = "1,2";
				TEST_TARGET_NAME = "MatchMate-Shaddi";
			};
			name = Debug;
		};
		EDDFB4C72CFF1E1400BF5C5E /* Release */ = {
			isa = XCBuildConfiguration;
			baseConfigurationReference = D6988CB480DAA8DC43C71DEF /* Pods-MatchMate-Shaddi-MatchMate-ShaddiUITests.release.xcconfig */;
			buildSettings = {
				CODE_SIGN_STYLE = Automatic;
				CURRENT_PROJECT_VERSION = 1;
				DEVELOPMENT_TEAM = JZJ2V26ZWS;
				GENERATE_INFOPLIST_FILE = YES;
				MARKETING_VERSION = 1.0;
				PRODUCT_BUNDLE_IDENTIFIER = "gurpreetProjects.MatchMate-ShaddiUITests";
				PRODUCT_NAME = "$(TARGET_NAME)";
				SWIFT_EMIT_LOC_STRINGS = NO;
				SWIFT_VERSION = 5.0;
				TARGETED_DEVICE_FAMILY = "1,2";
				TEST_TARGET_NAME = "MatchMate-Shaddi";
			};
			name = Release;
		};
/* End XCBuildConfiguration section */

/* Begin XCConfigurationList section */
		EDDFB4962CFF1E1300BF5C5E /* Build configuration list for PBXProject "MatchMate-Shaddi" */ = {
			isa = XCConfigurationList;
			buildConfigurations = (
				EDDFB4BD2CFF1E1400BF5C5E /* Debug */,
				EDDFB4BE2CFF1E1400BF5C5E /* Release */,
			);
			defaultConfigurationIsVisible = 0;
			defaultConfigurationName = Release;
		};
		EDDFB4BF2CFF1E1400BF5C5E /* Build configuration list for PBXNativeTarget "MatchMate-Shaddi" */ = {
			isa = XCConfigurationList;
			buildConfigurations = (
				EDDFB4C02CFF1E1400BF5C5E /* Debug */,
				EDDFB4C12CFF1E1400BF5C5E /* Release */,
			);
			defaultConfigurationIsVisible = 0;
			defaultConfigurationName = Release;
		};
		EDDFB4C22CFF1E1400BF5C5E /* Build configuration list for PBXNativeTarget "MatchMate-ShaddiTests" */ = {
			isa = XCConfigurationList;
			buildConfigurations = (
				EDDFB4C32CFF1E1400BF5C5E /* Debug */,
				EDDFB4C42CFF1E1400BF5C5E /* Release */,
			);
			defaultConfigurationIsVisible = 0;
			defaultConfigurationName = Release;
		};
		EDDFB4C52CFF1E1400BF5C5E /* Build configuration list for PBXNativeTarget "MatchMate-ShaddiUITests" */ = {
			isa = XCConfigurationList;
			buildConfigurations = (
				EDDFB4C62CFF1E1400BF5C5E /* Debug */,
				EDDFB4C72CFF1E1400BF5C5E /* Release */,
			);
			defaultConfigurationIsVisible = 0;
			defaultConfigurationName = Release;
		};
/* End XCConfigurationList section */
	};
	rootObject = EDDFB4932CFF1E1300BF5C5E /* Project object */;
}
