// !$*UTF8*$!
{
	archiveVersion = 1;
	classes = {
	};
	objectVersion = 77;
	objects = {

/* Begin PBXContainerItemProxy section */
		EDDFB4AC2CFF1E1400BF5C5E /* PBXContainerItemProxy */ = {
			isa = PBXContainerItemProxy;
			containerPortal = EDDFB4932CFF1E1300BF5C5E /* Project object */;
			proxyType = 1;
			remoteGlobalIDString = EDDFB49A2CFF1E1300BF5C5E;
			remoteInfo = "MatchMate-Shaddi";
		};
		EDDFB4B62CFF1E1400BF5C5E /* PBXContainerItemProxy */ = {
			isa = PBXContainerItemProxy;
			containerPortal = EDDFB4932CFF1E1300BF5C5E /* Project object */;
			proxyType = 1;
			remoteGlobalIDString = EDDFB49A2CFF1E1300BF5C5E;
			remoteInfo = "MatchMate-Shaddi";
		};
/* End PBXContainerItemProxy section */

/* Begin PBXFileReference section */
		EDDFB49B2CFF1E1300BF5C5E /* MatchMate-Shaddi.app */ = {isa = PBXFileReference; explicitFileType = wrapper.application; includeInIndex = 0; path = "MatchMate-Shaddi.app"; sourceTree = BUILT_PRODUCTS_DIR; };
		EDDFB4AB2CFF1E1400BF5C5E /* MatchMate-ShaddiTests.xctest */ = {isa = PBXFileReference; explicitFileType = wrapper.cfbundle; includeInIndex = 0; path = "MatchMate-ShaddiTests.xctest"; sourceTree = BUILT_PRODUCTS_DIR; };
		EDDFB4B52CFF1E1400BF5C5E /* MatchMate-ShaddiUITests.xctest */ = {isa = PBXFileReference; explicitFileType = wrapper.cfbundle; includeInIndex = 0; path = "MatchMate-ShaddiUITests.xctest"; sourceTree = BUILT_PRODUCTS_DIR; };
/* End PBXFileReference section */

/* Begin PBXFileSystemSynchronizedRootGroup section */
		EDDFB49D2CFF1E1300BF5C5E /* MatchMate-Shaddi */ = {
			isa = PBXFileSystemSynchronizedRootGroup;
			path = "MatchMate-Shaddi";
			sourceTree = "<group>";
		};
		EDDFB4AE2CFF1E1400BF5C5E /* MatchMate-ShaddiTests */ = {
			isa = PBXFileSystemSynchronizedRootGroup;
			path = "MatchMate-ShaddiTests";
			sourceTree = "<group>";
		};
		EDDFB4B82CFF1E1400BF5C5E /* MatchMate-ShaddiUITests */ = {
			isa = PBXFileSystemSynchronizedRootGroup;
			path = "MatchMate-ShaddiUITests";
			sourceTree = "<group>";
		};
/* End PBXFileSystemSynchronizedRootGroup section */

/* Begin PBXFrameworksBuildPhase section */
		EDDFB4982CFF1E1300BF5C5E /* Frameworks */ = {
			isa = PBXFrameworksBuildPhase;
			buildActionMask = 2147483647;
			files = (
			);
			runOnlyForDeploymentPostprocessing = 0;
		};
		EDDFB4A82CFF1E1400BF5C5E /* Frameworks */ = {
			isa = PBXFrameworksBuildPhase;
			buildActionMask = 2147483647;
			files = (
			);
			runOnlyForDeploymentPostprocessing = 0;
		};
		EDDFB4B22CFF1E1400BF5C5E /* Frameworks */ = {
			isa = PBXFrameworksBuildPhase;
			buildActionMask = 2147483647;
			files = (
			);
			runOnlyForDeploymentPostprocessing = 0;
		};
/* End PBXFrameworksBuildPhase section */

/* Begin PBXGroup section */
		EDDFB4922CFF1E1300BF5C5E = {
			isa = PBXGroup;
			children = (
				EDDFB49D2CFF1E1300BF5C5E /* MatchMate-Shaddi */,
				EDDFB4AE2CFF1E1400BF5C5E /* MatchMate-ShaddiTests */,
				EDDFB4B82CFF1E1400BF5C5E /* MatchMate-ShaddiUITests */,
				EDDFB49C2CFF1E1300BF5C5E /* Products */,
			);
			sourceTree = "<group>";
		};
		EDDFB49C2CFF1E1300BF5C5E /* Products */ = {
			isa = PBXGroup;
			children = (
				EDDFB49B2CFF1E1300BF5C5E /* MatchMate-Shaddi.app */,
				EDDFB4AB2CFF1E1400BF5C5E /* MatchMate-ShaddiTests.xctest */,
				EDDFB4B52CFF1E1400BF5C5E /* MatchMate-ShaddiUITests.xctest */,
			);
			name = Products;
			sourceTree = "<group>";
		};
/* End PBXGroup section */

/* Begin PBXNativeTarget section */
		EDDFB49A2CFF1E1300BF5C5E /* MatchMate-Shaddi */ = {
			isa = PBXNativeTarget;
			buildConfigurationList = EDDFB4BF2CFF1E1400BF5C5E /* Build configuration list for PBXNativeTarget "MatchMate-Shaddi" */;
			buildPhases = (
				EDDFB4972CFF1E1300BF5C5E /* Sources */,
				EDDFB4982CFF1E1300BF5C5E /* Frameworks */,
				EDDFB4992CFF1E1300BF5C5E /* Resources */,
			);
			buildRules = (
			);
			dependencies = (
			);
			fileSystemSynchronizedGroups = (
				EDDFB49D2CFF1E1300BF5C5E /* MatchMate-Shaddi */,
			);
			name = "MatchMate-Shaddi";
			packageProductDependencies = (
			);
			productName = "MatchMate-Shaddi";
			productReference = EDDFB49B2CFF1E1300BF5C5E /* MatchMate-Shaddi.app */;
			productType = "com.apple.product-type.application";
		};
		EDDFB4AA2CFF1E1400BF5C5E /* MatchMate-ShaddiTests */ = {
			isa = PBXNativeTarget;
			buildConfigurationList = EDDFB4C22CFF1E1400BF5C5E /* Build configuration list for PBXNativeTarget "MatchMate-ShaddiTests" */;
			buildPhases = (
				EDDFB4A72CFF1E1400BF5C5E /* Sources */,
				EDDFB4A82CFF1E1400BF5C5E /* Frameworks */,
				EDDFB4A92CFF1E1400BF5C5E /* Resources */,
			);
			buildRules = (
			);
			dependencies = (
				EDDFB4AD2CFF1E1400BF5C5E /* PBXTargetDependency */,
			);
			fileSystemSynchronizedGroups = (
				EDDFB4AE2CFF1E1400BF5C5E /* MatchMate-ShaddiTests */,
			);
			name = "MatchMate-ShaddiTests";
			packageProductDependencies = (
			);
			productName = "MatchMate-ShaddiTests";
			productReference = EDDFB4AB2CFF1E1400BF5C5E /* MatchMate-ShaddiTests.xctest */;
			productType = "com.apple.product-type.bundle.unit-test";
		};
		EDDFB4B42CFF1E1400BF5C5E /* MatchMate-ShaddiUITests */ = {
			isa = PBXNativeTarget;
			buildConfigurationList = EDDFB4C52CFF1E1400BF5C5E /* Build configuration list for PBXNativeTarget "MatchMate-ShaddiUITests" */;
			buildPhases = (
				EDDFB4B12CFF1E1400BF5C5E /* Sources */,
				EDDFB4B22CFF1E1400BF5C5E /* Frameworks */,
				EDDFB4B32CFF1E1400BF5C5E /* Resources */,
			);
			buildRules = (
			);
			dependencies = (
				EDDFB4B72CFF1E1400BF5C5E /* PBXTargetDependency */,
			);
			fileSystemSynchronizedGroups = (
				EDDFB4B82CFF1E1400BF5C5E /* MatchMate-ShaddiUITests */,
			);
			name = "MatchMate-ShaddiUITests";
			packageProductDependencies = (
			);
			productName = "MatchMate-ShaddiUITests";
			productReference = EDDFB4B52CFF1E1400BF5C5E /* MatchMate-ShaddiUITests.xctest */;
			productType = "com.apple.product-type.bundle.ui-testing";
		};
/* End PBXNativeTarget section */

/* Begin PBXProject section */
		EDDFB4932CFF1E1300BF5C5E /* Project object */ = {
			isa = PBXProject;
			attributes = {
				BuildIndependentTargetsInParallel = 1;
				LastSwiftUpdateCheck = 1610;
				LastUpgradeCheck = 1610;
				TargetAttributes = {
					EDDFB49A2CFF1E1300BF5C5E = {
						CreatedOnToolsVersion = 16.1;
					};
					EDDFB4AA2CFF1E1400BF5C5E = {
						CreatedOnToolsVersion = 16.1;
						TestTargetID = EDDFB49A2CFF1E1300BF5C5E;
					};
					EDDFB4B42CFF1E1400BF5C5E = {
						CreatedOnToolsVersion = 16.1;
						TestTargetID = EDDFB49A2CFF1E1300BF5C5E;
					};
				};
			};
			buildConfigurationList = EDDFB4962CFF1E1300BF5C5E /* Build configuration list for PBXProject "MatchMate-Shaddi" */;
			developmentRegion = en;
			hasScannedForEncodings = 0;
			knownRegions = (
				en,
				Base,
			);
			mainGroup = EDDFB4922CFF1E1300BF5C5E;
			minimizedProjectReferenceProxies = 1;
			preferredProjectObjectVersion = 77;
			productRefGroup = EDDFB49C2CFF1E1300BF5C5E /* Products */;
			projectDirPath = "";
			projectRoot = "";
			targets = (
				EDDFB49A2CFF1E1300BF5C5E /* MatchMate-Shaddi */,
				EDDFB4AA2CFF1E1400BF5C5E /* MatchMate-ShaddiTests */,
				EDDFB4B42CFF1E1400BF5C5E /* MatchMate-ShaddiUITests */,
			);
		};
/* End PBXProject section */

/* Begin PBXResourcesBuildPhase section */
		EDDFB4992CFF1E1300BF5C5E /* Resources */ = {
			isa = PBXResourcesBuildPhase;
			buildActionMask = 2147483647;
			files = (
			);
			runOnlyForDeploymentPostprocessing = 0;
		};
		EDDFB4A92CFF1E1400BF5C5E /* Resources */ = {
			isa = PBXResourcesBuildPhase;
			buildActionMask = 2147483647;
			files = (
			);
			runOnlyForDeploymentPostprocessing = 0;
		};
		EDDFB4B32CFF1E1400BF5C5E /* Resources */ = {
			isa = PBXResourcesBuildPhase;
			buildActionMask = 2147483647;
			files = (
			);
			runOnlyForDeploymentPostprocessing = 0;
		};
/* End PBXResourcesBuildPhase section */

/* Begin PBXSourcesBuildPhase section */
		EDDFB4972CFF1E1300BF5C5E /* Sources */ = {
			isa = PBXSourcesBuildPhase;
			buildActionMask = 2147483647;
			files = (
			);
			runOnlyForDeploymentPostprocessing = 0;
		};
		EDDFB4A72CFF1E1400BF5C5E /* Sources */ = {
			isa = PBXSourcesBuildPhase;
			buildActionMask = 2147483647;
			files = (
			);
			runOnlyForDeploymentPostprocessing = 0;
		};
		EDDFB4B12CFF1E1400BF5C5E /* Sources */ = {
			isa = PBXSourcesBuildPhase;
			buildActionMask = 2147483647;
			files = (
			);
			runOnlyForDeploymentPostprocessing = 0;
		};
/* End PBXSourcesBuildPhase section */

/* Begin PBXTargetDependency section */
		EDDFB4AD2CFF1E1400BF5C5E /* PBXTargetDependency */ = {
			isa = PBXTargetDependency;
			target = EDDFB49A2CFF1E1300BF5C5E /* MatchMate-Shaddi */;
			targetProxy = EDDFB4AC2CFF1E1400BF5C5E /* PBXContainerItemProxy */;
		};
		EDDFB4B72CFF1E1400BF5C5E /* PBXTargetDependency */ = {
			isa = PBXTargetDependency;
			target = EDDFB49A2CFF1E1300BF5C5E /* MatchMate-Shaddi */;
			targetProxy = EDDFB4B62CFF1E1400BF5C5E /* PBXContainerItemProxy */;
		};
/* End PBXTargetDependency section */

/* Begin XCBuildConfiguration section */
		EDDFB4BD2CFF1E1400BF5C5E /* Debug */ = {
			isa = XCBuildConfiguration;
			buildSettings = {
				ALWAYS_SEARCH_USER_PATHS = NO;
				ASSETCATALOG_COMPILER_GENERATE_SWIFT_ASSET_SYMBOL_EXTENSIONS = YES;
				CLANG_ANALYZER_NONNULL = YES;
				CLANG_ANALYZER_NUMBER_OBJECT_CONVERSION = YES_AGGRESSIVE;
				CLANG_CXX_LANGUAGE_STANDARD = "gnu++20";
				CLANG_ENABLE_MODULES = YES;
				CLANG_ENABLE_OBJC_ARC = YES;
				CLANG_ENABLE_OBJC_WEAK = YES;
				CLANG_WARN_BLOCK_CAPTURE_AUTORELEASING = YES;
				CLANG_WARN_BOOL_CONVERSION = YES;
				CLANG_WARN_COMMA = YES;
				CLANG_WARN_CONSTANT_CONVERSION = YES;
				CLANG_WARN_DEPRECATED_OBJC_IMPLEMENTATIONS = YES;
				CLANG_WARN_DIRECT_OBJC_ISA_USAGE = YES_ERROR;
				CLANG_WARN_DOCUMENTATION_COMMENTS = YES;
				CLANG_WARN_EMPTY_BODY = YES;
				CLANG_WARN_ENUM_CONVERSION = YES;
				CLANG_WARN_INFINITE_RECURSION = YES;
				CLANG_WARN_INT_CONVERSION = YES;
				CLANG_WARN_NON_LITERAL_NULL_CONVERSION = YES;
				CLANG_WARN_OBJC_IMPLICIT_RETAIN_SELF = YES;
				CLANG_WARN_OBJC_LITERAL_CONVERSION = YES;
				CLANG_WARN_OBJC_ROOT_CLASS = YES_ERROR;
				CLANG_WARN_QUOTED_INCLUDE_IN_FRAMEWORK_HEADER = YES;
				CLANG_WARN_RANGE_LOOP_ANALYSIS = YES;
				CLANG_WARN_STRICT_PROTOTYPES = YES;
				CLANG_WARN_SUSPICIOUS_MOVE = YES;
				CLANG_WARN_UNGUARDED_AVAILABILITY = YES_AGGRESSIVE;
				CLANG_WARN_UNREACHABLE_CODE = YES;
				CLANG_WARN__DUPLICATE_METHOD_MATCH = YES;
				COPY_PHASE_STRIP = NO;
				DEBUG_INFORMATION_FORMAT = dwarf;
				ENABLE_STRICT_OBJC_MSGSEND = YES;
				ENABLE_TESTABILITY = YES;
				ENABLE_USER_SCRIPT_SANDBOXING = YES;
				GCC_C_LANGUAGE_STANDARD = gnu17;
				GCC_DYNAMIC_NO_PIC = NO;
				GCC_NO_COMMON_BLOCKS = YES;
				GCC_OPTIMIZATION_LEVEL = 0;
				GCC_PREPROCESSOR_DEFINITIONS = (
					"DEBUG=1",
					"$(inherited)",
				);
				GCC_WARN_64_TO_32_BIT_CONVERSION = YES;
				GCC_WARN_ABOUT_RETURN_TYPE = YES_ERROR;
				GCC_WARN_UNDECLARED_SELECTOR = YES;
				GCC_WARN_UNINITIALIZED_AUTOS = YES_AGGRESSIVE;
				GCC_WARN_UNUSED_FUNCTION = YES;
				GCC_WARN_UNUSED_VARIABLE = YES;
				IPHONEOS_DEPLOYMENT_TARGET = 18.1;
				LOCALIZATION_PREFERS_STRING_CATALOGS = YES;
				MTL_ENABLE_DEBUG_INFO = INCLUDE_SOURCE;
				MTL_FAST_MATH = YES;
				ONLY_ACTIVE_ARCH = YES;
				SDKROOT = iphoneos;
				SWIFT_ACTIVE_COMPILATION_CONDITIONS = "DEBUG $(inherited)";
				SWIFT_OPTIMIZATION_LEVEL = "-Onone";
			};
			name = Debug;
		};
		EDDFB4BE2CFF1E1400BF5C5E /* Release */ = {
			isa = XCBuildConfiguration;
			buildSettings = {
				ALWAYS_SEARCH_USER_PATHS = NO;
				ASSETCATALOG_COMPILER_GENERATE_SWIFT_ASSET_SYMBOL_EXTENSIONS = YES;
				CLANG_ANALYZER_NONNULL = YES;
				CLANG_ANALYZER_NUMBER_OBJECT_CONVERSION = YES_AGGRESSIVE;
				CLANG_CXX_LANGUAGE_STANDARD = "gnu++20";
				CLANG_ENABLE_MODULES = YES;
				CLANG_ENABLE_OBJC_ARC = YES;
				CLANG_ENABLE_OBJC_WEAK = YES;
				CLANG_WARN_BLOCK_CAPTURE_AUTORELEASING = YES;
				CLANG_WARN_BOOL_CONVERSION = YES;
				CLANG_WARN_COMMA = YES;
				CLANG_WARN_CONSTANT_CONVERSION = YES;
				CLANG_WARN_DEPRECATED_OBJC_IMPLEMENTATIONS = YES;
				CLANG_WARN_DIRECT_OBJC_ISA_USAGE = YES_ERROR;
				CLANG_WARN_DOCUMENTATION_COMMENTS = YES;
				CLANG_WARN_EMPTY_BODY = YES;
				CLANG_WARN_ENUM_CONVERSION = YES;
				CLANG_WARN_INFINITE_RECURSION = YES;
				CLANG_WARN_INT_CONVERSION = YES;
				CLANG_WARN_NON_LITERAL_NULL_CONVERSION = YES;
				CLANG_WARN_OBJC_IMPLICIT_RETAIN_SELF = YES;
				CLANG_WARN_OBJC_LITERAL_CONVERSION = YES;
				CLANG_WARN_OBJC_ROOT_CLASS = YES_ERROR;
				CLANG_WARN_QUOTED_INCLUDE_IN_FRAMEWORK_HEADER = YES;
				CLANG_WARN_RANGE_LOOP_ANALYSIS = YES;
				CLANG_WARN_STRICT_PROTOTYPES = YES;
				CLANG_WARN_SUSPICIOUS_MOVE = YES;
				CLANG_WARN_UNGUARDED_AVAILABILITY = YES_AGGRESSIVE;
				CLANG_WARN_UNREACHABLE_CODE = YES;
				CLANG_WARN__DUPLICATE_METHOD_MATCH = YES;
				COPY_PHASE_STRIP = NO;
				DEBUG_INFORMATION_FORMAT = "dwarf-with-dsym";
				ENABLE_NS_ASSERTIONS = NO;
				ENABLE_STRICT_OBJC_MSGSEND = YES;
				ENABLE_USER_SCRIPT_SANDBOXING = YES;
				GCC_C_LANGUAGE_STANDARD = gnu17;
				GCC_NO_COMMON_BLOCKS = YES;
				GCC_WARN_64_TO_32_BIT_CONVERSION = YES;
				GCC_WARN_ABOUT_RETURN_TYPE = YES_ERROR;
				GCC_WARN_UNDECLARED_SELECTOR = YES;
				GCC_WARN_UNINITIALIZED_AUTOS = YES_AGGRESSIVE;
				GCC_WARN_UNUSED_FUNCTION = YES;
				GCC_WARN_UNUSED_VARIABLE = YES;
				IPHONEOS_DEPLOYMENT_TARGET = 18.1;
				LOCALIZATION_PREFERS_STRING_CATALOGS = YES;
				MTL_ENABLE_DEBUG_INFO = NO;
				MTL_FAST_MATH = YES;
				SDKROOT = iphoneos;
				SWIFT_COMPILATION_MODE = wholemodule;
				VALIDATE_PRODUCT = YES;
			};
			name = Release;
		};
		EDDFB4C02CFF1E1400BF5C5E /* Debug */ = {
			isa = XCBuildConfiguration;
			buildSettings = {
				ASSETCATALOG_COMPILER_APPICON_NAME = AppIcon;
				ASSETCATALOG_COMPILER_GLOBAL_ACCENT_COLOR_NAME = AccentColor;
				CODE_SIGN_STYLE = Automatic;
				CURRENT_PROJECT_VERSION = 1;
				DEVELOPMENT_ASSET_PATHS = "\"MatchMate-Shaddi/Preview Content\"";
				DEVELOPMENT_TEAM = JZJ2V26ZWS;
				ENABLE_PREVIEWS = YES;
				GENERATE_INFOPLIST_FILE = YES;
				INFOPLIST_KEY_UIApplicationSceneManifest_Generation = YES;
				INFOPLIST_KEY_UIApplicationSupportsIndirectInputEvents = YES;
				INFOPLIST_KEY_UILaunchScreen_Generation = YES;
				INFOPLIST_KEY_UISupportedInterfaceOrientations_iPad = "UIInterfaceOrientationPortrait UIInterfaceOrientationPortraitUpsideDown UIInterfaceOrientationLandscapeLeft UIInterfaceOrientationLandscapeRight";
				INFOPLIST_KEY_UISupportedInterfaceOrientations_iPhone = "UIInterfaceOrientationPortrait UIInterfaceOrientationLandscapeLeft UIInterfaceOrientationLandscapeRight";
				LD_RUNPATH_SEARCH_PATHS = (
					"$(inherited)",
					"@executable_path/Frameworks",
				);
				MARKETING_VERSION = 1.0;
				PRODUCT_BUNDLE_IDENTIFIER = "gurpreetProjects.MatchMate-Shaddi";
				PRODUCT_NAME = "$(TARGET_NAME)";
				SWIFT_EMIT_LOC_STRINGS = YES;
				SWIFT_VERSION = 5.0;
				TARGETED_DEVICE_FAMILY = "1,2";
			};
			name = Debug;
		};
		EDDFB4C12CFF1E1400BF5C5E /* Release */ = {
			isa = XCBuildConfiguration;
			buildSettings = {
				ASSETCATALOG_COMPILER_APPICON_NAME = AppIcon;
				ASSETCATALOG_COMPILER_GLOBAL_ACCENT_COLOR_NAME = AccentColor;
				CODE_SIGN_STYLE = Automatic;
				CURRENT_PROJECT_VERSION = 1;
				DEVELOPMENT_ASSET_PATHS = "\"MatchMate-Shaddi/Preview Content\"";
				DEVELOPMENT_TEAM = JZJ2V26ZWS;
				ENABLE_PREVIEWS = YES;
				GENERATE_INFOPLIST_FILE = YES;
				INFOPLIST_KEY_UIApplicationSceneManifest_Generation = YES;
				INFOPLIST_KEY_UIApplicationSupportsIndirectInputEvents = YES;
				INFOPLIST_KEY_UILaunchScreen_Generation = YES;
				INFOPLIST_KEY_UISupportedInterfaceOrientations_iPad = "UIInterfaceOrientationPortrait UIInterfaceOrientationPortraitUpsideDown UIInterfaceOrientationLandscapeLeft UIInterfaceOrientationLandscapeRight";
				INFOPLIST_KEY_UISupportedInterfaceOrientations_iPhone = "UIInterfaceOrientationPortrait UIInterfaceOrientationLandscapeLeft UIInterfaceOrientationLandscapeRight";
				LD_RUNPATH_SEARCH_PATHS = (
					"$(inherited)",
					"@executable_path/Frameworks",
				);
				MARKETING_VERSION = 1.0;
				PRODUCT_BUNDLE_IDENTIFIER = "gurpreetProjects.MatchMate-Shaddi";
				PRODUCT_NAME = "$(TARGET_NAME)";
				SWIFT_EMIT_LOC_STRINGS = YES;
				SWIFT_VERSION = 5.0;
				TARGETED_DEVICE_FAMILY = "1,2";
			};
			name = Release;
		};
		EDDFB4C32CFF1E1400BF5C5E /* Debug */ = {
			isa = XCBuildConfiguration;
			buildSettings = {
				BUNDLE_LOADER = "$(TEST_HOST)";
				CODE_SIGN_STYLE = Automatic;
				CURRENT_PROJECT_VERSION = 1;
				DEVELOPMENT_TEAM = JZJ2V26ZWS;
				GENERATE_INFOPLIST_FILE = YES;
				IPHONEOS_DEPLOYMENT_TARGET = 18.1;
				MARKETING_VERSION = 1.0;
				PRODUCT_BUNDLE_IDENTIFIER = "gurpreetProjects.MatchMate-ShaddiTests";
				PRODUCT_NAME = "$(TARGET_NAME)";
				SWIFT_EMIT_LOC_STRINGS = NO;
				SWIFT_VERSION = 5.0;
				TARGETED_DEVICE_FAMILY = "1,2";
				TEST_HOST = "$(BUILT_PRODUCTS_DIR)/MatchMate-Shaddi.app/$(BUNDLE_EXECUTABLE_FOLDER_PATH)/MatchMate-Shaddi";
			};
			name = Debug;
		};
		EDDFB4C42CFF1E1400BF5C5E /* Release */ = {
			isa = XCBuildConfiguration;
			buildSettings = {
				BUNDLE_LOADER = "$(TEST_HOST)";
				CODE_SIGN_STYLE = Automatic;
				CURRENT_PROJECT_VERSION = 1;
				DEVELOPMENT_TEAM = JZJ2V26ZWS;
				GENERATE_INFOPLIST_FILE = YES;
				IPHONEOS_DEPLOYMENT_TARGET = 18.1;
				MARKETING_VERSION = 1.0;
				PRODUCT_BUNDLE_IDENTIFIER = "gurpreetProjects.MatchMate-ShaddiTests";
				PRODUCT_NAME = "$(TARGET_NAME)";
				SWIFT_EMIT_LOC_STRINGS = NO;
				SWIFT_VERSION = 5.0;
				TARGETED_DEVICE_FAMILY = "1,2";
				TEST_HOST = "$(BUILT_PRODUCTS_DIR)/MatchMate-Shaddi.app/$(BUNDLE_EXECUTABLE_FOLDER_PATH)/MatchMate-Shaddi";
			};
			name = Release;
		};
		EDDFB4C62CFF1E1400BF5C5E /* Debug */ = {
			isa = XCBuildConfiguration;
			buildSettings = {
				CODE_SIGN_STYLE = Automatic;
				CURRENT_PROJECT_VERSION = 1;
				DEVELOPMENT_TEAM = JZJ2V26ZWS;
				GENERATE_INFOPLIST_FILE = YES;
				MARKETING_VERSION = 1.0;
				PRODUCT_BUNDLE_IDENTIFIER = "gurpreetProjects.MatchMate-ShaddiUITests";
				PRODUCT_NAME = "$(TARGET_NAME)";
				SWIFT_EMIT_LOC_STRINGS = NO;
				SWIFT_VERSION = 5.0;
				TARGETED_DEVICE_FAMILY = "1,2";
				TEST_TARGET_NAME = "MatchMate-Shaddi";
			};
			name = Debug;
		};
		EDDFB4C72CFF1E1400BF5C5E /* Release */ = {
			isa = XCBuildConfiguration;
			buildSettings = {
				CODE_SIGN_STYLE = Automatic;
				CURRENT_PROJECT_VERSION = 1;
				DEVELOPMENT_TEAM = JZJ2V26ZWS;
				GENERATE_INFOPLIST_FILE = YES;
				MARKETING_VERSION = 1.0;
				PRODUCT_BUNDLE_IDENTIFIER = "gurpreetProjects.MatchMate-ShaddiUITests";
				PRODUCT_NAME = "$(TARGET_NAME)";
				SWIFT_EMIT_LOC_STRINGS = NO;
				SWIFT_VERSION = 5.0;
				TARGETED_DEVICE_FAMILY = "1,2";
				TEST_TARGET_NAME = "MatchMate-Shaddi";
			};
			name = Release;
		};
/* End XCBuildConfiguration section */

/* Begin XCConfigurationList section */
		EDDFB4962CFF1E1300BF5C5E /* Build configuration list for PBXProject "MatchMate-Shaddi" */ = {
			isa = XCConfigurationList;
			buildConfigurations = (
				EDDFB4BD2CFF1E1400BF5C5E /* Debug */,
				EDDFB4BE2CFF1E1400BF5C5E /* Release */,
			);
			defaultConfigurationIsVisible = 0;
			defaultConfigurationName = Release;
		};
		EDDFB4BF2CFF1E1400BF5C5E /* Build configuration list for PBXNativeTarget "MatchMate-Shaddi" */ = {
			isa = XCConfigurationList;
			buildConfigurations = (
				EDDFB4C02CFF1E1400BF5C5E /* Debug */,
				EDDFB4C12CFF1E1400BF5C5E /* Release */,
			);
			defaultConfigurationIsVisible = 0;
			defaultConfigurationName = Release;
		};
		EDDFB4C22CFF1E1400BF5C5E /* Build configuration list for PBXNativeTarget "MatchMate-ShaddiTests" */ = {
			isa = XCConfigurationList;
			buildConfigurations = (
				EDDFB4C32CFF1E1400BF5C5E /* Debug */,
				EDDFB4C42CFF1E1400BF5C5E /* Release */,
			);
			defaultConfigurationIsVisible = 0;
			defaultConfigurationName = Release;
		};
		EDDFB4C52CFF1E1400BF5C5E /* Build configuration list for PBXNativeTarget "MatchMate-ShaddiUITests" */ = {
			isa = XCConfigurationList;
			buildConfigurations = (
				EDDFB4C62CFF1E1400BF5C5E /* Debug */,
				EDDFB4C72CFF1E1400BF5C5E /* Release */,
			);
			defaultConfigurationIsVisible = 0;
			defaultConfigurationName = Release;
		};
/* End XCConfigurationList section */
	};
	rootObject = EDDFB4932CFF1E1300BF5C5E /* Project object */;
}
